
Microsoft Visual Studio Solution File, Format Version 12.00
# Visual Studio 15
VisualStudioVersion = 15.0.28307.421
MinimumVisualStudioVersion = 10.0.40219.1
Project("{FAE04EC0-301F-11D3-BF4B-00C04F79EFBC}") = "FinaleCalendar", "FinaleCalendar\FinaleCalendar.csproj", "{85EF5747-C239-4069-AF47-65C833A8E8EC}"
EndProject
Project("{FAE04EC0-301F-11D3-BF4B-00C04F79EFBC}") = "CalendarMethod", "CalendarMethod\CalendarMethod.csproj", "{C1F58875-4CF3-41AD-B6C7-483571076DD7}"
EndProject
Global
	GlobalSection(SolutionConfigurationPlatforms) = preSolution
		Debug|Any CPU = Debug|Any CPU
		Release|Any CPU = Release|Any CPU
	EndGlobalSection
	GlobalSection(ProjectConfigurationPlatforms) = postSolution
		{85EF5747-C239-4069-AF47-65C833A8E8EC}.Debug|Any CPU.ActiveCfg = Debug|Any CPU
		{85EF5747-C239-4069-AF47-65C833A8E8EC}.Debug|Any CPU.Build.0 = Debug|Any CPU
		{85EF5747-C239-4069-AF47-65C833A8E8EC}.Release|Any CPU.ActiveCfg = Release|Any CPU
		{85EF5747-C239-4069-AF47-65C833A8E8EC}.Release|Any CPU.Build.0 = Release|Any CPU
		{C1F58875-4CF3-41AD-B6C7-483571076DD7}.Debug|Any CPU.ActiveCfg = Debug|Any CPU
		{C1F58875-4CF3-41AD-B6C7-483571076DD7}.Debug|Any CPU.Build.0 = Debug|Any CPU
		{C1F58875-4CF3-41AD-B6C7-483571076DD7}.Release|Any CPU.ActiveCfg = Release|Any CPU
		{C1F58875-4CF3-41AD-B6C7-483571076DD7}.Release|Any CPU.Build.0 = Release|Any CPU
	EndGlobalSection
	GlobalSection(SolutionProperties) = preSolution
		HideSolutionNode = FALSE
	EndGlobalSection
	GlobalSection(ExtensibilityGlobals) = postSolution
		SolutionGuid = {E865AA01-45F6-4380-8F19-E392940F28B5}
	EndGlobalSection
EndGlobal
